
Microsoft Visual Studio Solution File, Format Version 12.00
# Visual Studio Version 16
VisualStudioVersion = 16.0.29709.97
MinimumVisualStudioVersion = 10.0.40219.1
Project("{2150E333-8FDC-42A3-9474-1A3956D46DE8}") = "Application", "Application", "{D89FBE84-CE5C-4FFA-802F-7ACF51028BDC}"
EndProject
Project("{2150E333-8FDC-42A3-9474-1A3956D46DE8}") = "Domain", "Domain", "{03974251-E418-4D71-A0B3-8E3837802C24}"
EndProject
Project("{2150E333-8FDC-42A3-9474-1A3956D46DE8}") = "Infrastructure", "Infrastructure", "{9B21C5D6-C975-4DEB-8B09-AAA628B706C0}"
EndProject
Project("{2150E333-8FDC-42A3-9474-1A3956D46DE8}") = "Data", "Data", "{51B6E862-71C4-4715-8DBC-12826266BC4B}"
EndProject
Project("{2150E333-8FDC-42A3-9474-1A3956D46DE8}") = "Installer", "Installer", "{9B46C005-2606-4870-A717-9517A033ADF1}"
EndProject
Project("{2150E333-8FDC-42A3-9474-1A3956D46DE8}") = "Presentation", "Presentation", "{623C3C5F-0750-41E1-936F-4C2E7265FC48}"
EndProject
Project("{9A19103F-16F7-4668-BE54-9A1E7A4F7556}") = "Mcr.Mvc", "Mcr.Mvc\Mcr.Mvc.csproj", "{67162436-1A24-4368-AB97-8F6EACCC2E26}"
EndProject
Project("{9A19103F-16F7-4668-BE54-9A1E7A4F7556}") = "Mcr.Domain", "Mcr.Domain\Mcr.Domain.csproj", "{D284AE78-3570-4583-A46F-73DF54BB22FC}"
EndProject
Project("{9A19103F-16F7-4668-BE54-9A1E7A4F7556}") = "Mcr.Data", "Mcr.Data\Mcr.Data.csproj", "{E38AD22A-B9CB-4F29-8155-D2C700082397}"
EndProject
Project("{9A19103F-16F7-4668-BE54-9A1E7A4F7556}") = "Mcr.Application", "Mcr.Application\Mcr.Application.csproj", "{529449B9-3CF9-464E-B80F-865326BEF1B8}"
EndProject
Project("{FAE04EC0-301F-11D3-BF4B-00C04F79EFBC}") = "Mcr.Installer", "Mcr.Installer\Mcr.Installer.csproj", "{6F746EA9-D6B0-4BF9-9124-7FD57C311920}"
EndProject
Project("{2150E333-8FDC-42A3-9474-1A3956D46DE8}") = "Api", "Api", "{021DD354-686B-4082-B5B8-6CF0248A6768}"
EndProject
Project("{2150E333-8FDC-42A3-9474-1A3956D46DE8}") = "Bus", "Bus", "{45F97CFB-7C3B-4473-8FBC-3D7B3F1854C8}"
EndProject
Global
	GlobalSection(SolutionConfigurationPlatforms) = preSolution
		Debug|Any CPU = Debug|Any CPU
		Release|Any CPU = Release|Any CPU
	EndGlobalSection
	GlobalSection(ProjectConfigurationPlatforms) = postSolution
		{67162436-1A24-4368-AB97-8F6EACCC2E26}.Debug|Any CPU.ActiveCfg = Debug|Any CPU
		{67162436-1A24-4368-AB97-8F6EACCC2E26}.Debug|Any CPU.Build.0 = Debug|Any CPU
		{67162436-1A24-4368-AB97-8F6EACCC2E26}.Release|Any CPU.ActiveCfg = Release|Any CPU
		{67162436-1A24-4368-AB97-8F6EACCC2E26}.Release|Any CPU.Build.0 = Release|Any CPU
		{D284AE78-3570-4583-A46F-73DF54BB22FC}.Debug|Any CPU.ActiveCfg = Debug|Any CPU
		{D284AE78-3570-4583-A46F-73DF54BB22FC}.Debug|Any CPU.Build.0 = Debug|Any CPU
		{D284AE78-3570-4583-A46F-73DF54BB22FC}.Release|Any CPU.ActiveCfg = Release|Any CPU
		{D284AE78-3570-4583-A46F-73DF54BB22FC}.Release|Any CPU.Build.0 = Release|Any CPU
		{E38AD22A-B9CB-4F29-8155-D2C700082397}.Debug|Any CPU.ActiveCfg = Debug|Any CPU
		{E38AD22A-B9CB-4F29-8155-D2C700082397}.Debug|Any CPU.Build.0 = Debug|Any CPU
		{E38AD22A-B9CB-4F29-8155-D2C700082397}.Release|Any CPU.ActiveCfg = Release|Any CPU
		{E38AD22A-B9CB-4F29-8155-D2C700082397}.Release|Any CPU.Build.0 = Release|Any CPU
		{529449B9-3CF9-464E-B80F-865326BEF1B8}.Debug|Any CPU.ActiveCfg = Debug|Any CPU
		{529449B9-3CF9-464E-B80F-865326BEF1B8}.Debug|Any CPU.Build.0 = Debug|Any CPU
		{529449B9-3CF9-464E-B80F-865326BEF1B8}.Release|Any CPU.ActiveCfg = Release|Any CPU
		{529449B9-3CF9-464E-B80F-865326BEF1B8}.Release|Any CPU.Build.0 = Release|Any CPU
		{6F746EA9-D6B0-4BF9-9124-7FD57C311920}.Debug|Any CPU.ActiveCfg = Debug|Any CPU
		{6F746EA9-D6B0-4BF9-9124-7FD57C311920}.Debug|Any CPU.Build.0 = Debug|Any CPU
		{6F746EA9-D6B0-4BF9-9124-7FD57C311920}.Release|Any CPU.ActiveCfg = Release|Any CPU
		{6F746EA9-D6B0-4BF9-9124-7FD57C311920}.Release|Any CPU.Build.0 = Release|Any CPU
	EndGlobalSection
	GlobalSection(SolutionProperties) = preSolution
		HideSolutionNode = FALSE
	EndGlobalSection
	GlobalSection(NestedProjects) = preSolution
		{51B6E862-71C4-4715-8DBC-12826266BC4B} = {9B21C5D6-C975-4DEB-8B09-AAA628B706C0}
		{9B46C005-2606-4870-A717-9517A033ADF1} = {9B21C5D6-C975-4DEB-8B09-AAA628B706C0}
		{67162436-1A24-4368-AB97-8F6EACCC2E26} = {623C3C5F-0750-41E1-936F-4C2E7265FC48}
		{D284AE78-3570-4583-A46F-73DF54BB22FC} = {03974251-E418-4D71-A0B3-8E3837802C24}
		{E38AD22A-B9CB-4F29-8155-D2C700082397} = {51B6E862-71C4-4715-8DBC-12826266BC4B}
		{529449B9-3CF9-464E-B80F-865326BEF1B8} = {D89FBE84-CE5C-4FFA-802F-7ACF51028BDC}
		{6F746EA9-D6B0-4BF9-9124-7FD57C311920} = {9B46C005-2606-4870-A717-9517A033ADF1}
		{45F97CFB-7C3B-4473-8FBC-3D7B3F1854C8} = {9B21C5D6-C975-4DEB-8B09-AAA628B706C0}
	EndGlobalSection
	GlobalSection(ExtensibilityGlobals) = postSolution
		SolutionGuid = {E463B079-FE4F-455F-9442-FF6872E226F6}
	EndGlobalSection
EndGlobal
